
Microsoft Visual Studio Solution File, Format Version 12.00
# Visual Studio 15
VisualStudioVersion = 15.0.27004.2009
MinimumVisualStudioVersion = 10.0.40219.1
Project("{FAE04EC0-301F-11D3-BF4B-00C04F79EFBC}") = "AzureChinaCiTest", "AzureChinaCiTest\AzureChinaCiTest.csproj", "{C52704CA-83DF-4D32-825A-CD6D78FA22FF}"
EndProject
Project("{FAE04EC0-301F-11D3-BF4B-00C04F79EFBC}") = "WebJobs", "WebJobs\WebJobs.csproj", "{7C3F5FA4-C64C-4896-B459-0C175AA8BBF6}"
EndProject
Global
	GlobalSection(SolutionConfigurationPlatforms) = preSolution
		Debug|Any CPU = Debug|Any CPU
		Release|Any CPU = Release|Any CPU
	EndGlobalSection
	GlobalSection(ProjectConfigurationPlatforms) = postSolution
		{C52704CA-83DF-4D32-825A-CD6D78FA22FF}.Debug|Any CPU.ActiveCfg = Debug|Any CPU
		{C52704CA-83DF-4D32-825A-CD6D78FA22FF}.Debug|Any CPU.Build.0 = Debug|Any CPU
		{C52704CA-83DF-4D32-825A-CD6D78FA22FF}.Release|Any CPU.ActiveCfg = Release|Any CPU
		{C52704CA-83DF-4D32-825A-CD6D78FA22FF}.Release|Any CPU.Build.0 = Release|Any CPU
		{7C3F5FA4-C64C-4896-B459-0C175AA8BBF6}.Debug|Any CPU.ActiveCfg = Debug|Any CPU
		{7C3F5FA4-C64C-4896-B459-0C175AA8BBF6}.Debug|Any CPU.Build.0 = Debug|Any CPU
		{7C3F5FA4-C64C-4896-B459-0C175AA8BBF6}.Release|Any CPU.ActiveCfg = Release|Any CPU
		{7C3F5FA4-C64C-4896-B459-0C175AA8BBF6}.Release|Any CPU.Build.0 = Release|Any CPU
	EndGlobalSection
	GlobalSection(SolutionProperties) = preSolution
		HideSolutionNode = FALSE
	EndGlobalSection
	GlobalSection(ExtensibilityGlobals) = postSolution
		SolutionGuid = {8AE255B5-070C-40D8-9D2D-E1B9A0B5D923}
	EndGlobalSection
EndGlobal
